// !$*UTF8*$!
{
	archiveVersion = 1;
	classes = {
	};
	objectVersion = 48;
	objects = {

/* Begin PBXBuildFile section */
		36EDCB3CC662E1FFBFBCE7AA /* Pods_PokeFinder.framework in Frameworks */ = {isa = PBXBuildFile; fileRef = A0A0B378821AEC1FF6802F72 /* Pods_PokeFinder.framework */; };
		C06BBE4F1F82680D006818CC /* AppDelegate.swift in Sources */ = {isa = PBXBuildFile; fileRef = C06BBE4E1F82680D006818CC /* AppDelegate.swift */; };
		C06BBE511F82680D006818CC /* ViewController.swift in Sources */ = {isa = PBXBuildFile; fileRef = C06BBE501F82680D006818CC /* ViewController.swift */; };
		C06BBE541F82680D006818CC /* Main.storyboard in Resources */ = {isa = PBXBuildFile; fileRef = C06BBE521F82680D006818CC /* Main.storyboard */; };
		C06BBE561F82680D006818CC /* Assets.xcassets in Resources */ = {isa = PBXBuildFile; fileRef = C06BBE551F82680D006818CC /* Assets.xcassets */; };
		C06BBE591F82680D006818CC /* LaunchScreen.storyboard in Resources */ = {isa = PBXBuildFile; fileRef = C06BBE571F82680D006818CC /* LaunchScreen.storyboard */; };
		C06BBE611F82681B006818CC /* GoogleService-Info.plist in Resources */ = {isa = PBXBuildFile; fileRef = C06BBE601F82681B006818CC /* GoogleService-Info.plist */; };
		C06BBE741F8269E9006818CC /* GeoFire.m in Sources */ = {isa = PBXBuildFile; fileRef = C06BBE6B1F8269E9006818CC /* GeoFire.m */; };
		C06BBE751F8269E9006818CC /* GFBase32Utils.m in Sources */ = {isa = PBXBuildFile; fileRef = C06BBE6D1F8269E9006818CC /* GFBase32Utils.m */; };
		C06BBE761F8269E9006818CC /* GFGeoHash.m in Sources */ = {isa = PBXBuildFile; fileRef = C06BBE6F1F8269E9006818CC /* GFGeoHash.m */; };
		C06BBE771F8269E9006818CC /* GFGeoHashQuery.m in Sources */ = {isa = PBXBuildFile; fileRef = C06BBE711F8269E9006818CC /* GFGeoHashQuery.m */; };
		C06BBE781F8269E9006818CC /* GFQuery.m in Sources */ = {isa = PBXBuildFile; fileRef = C06BBE731F8269E9006818CC /* GFQuery.m */; };
		C06BBE811F827C77006818CC /* PokeAnnotation.swift in Sources */ = {isa = PBXBuildFile; fileRef = C06BBE801F827C77006818CC /* PokeAnnotation.swift */; };
		C0EEC90A1F828E2700D5A084 /* AddNewPokemonVC.swift in Sources */ = {isa = PBXBuildFile; fileRef = C0EEC9091F828E2700D5A084 /* AddNewPokemonVC.swift */; };
		C0EEC90C1F82903100D5A084 /* PokeCell.swift in Sources */ = {isa = PBXBuildFile; fileRef = C0EEC90B1F82903100D5A084 /* PokeCell.swift */; };
/* End PBXBuildFile section */

/* Begin PBXFileReference section */
		0F1E13D89C1DD60E74677A34 /* Pods-PokeFinder.debug.xcconfig */ = {isa = PBXFileReference; includeInIndex = 1; lastKnownFileType = text.xcconfig; name = "Pods-PokeFinder.debug.xcconfig"; path = "Pods/Target Support Files/Pods-PokeFinder/Pods-PokeFinder.debug.xcconfig"; sourceTree = "<group>"; };
		A0A0B378821AEC1FF6802F72 /* Pods_PokeFinder.framework */ = {isa = PBXFileReference; explicitFileType = wrapper.framework; includeInIndex = 0; path = Pods_PokeFinder.framework; sourceTree = BUILT_PRODUCTS_DIR; };
		C06BBE4B1F82680D006818CC /* PokeFinder.app */ = {isa = PBXFileReference; explicitFileType = wrapper.application; includeInIndex = 0; path = PokeFinder.app; sourceTree = BUILT_PRODUCTS_DIR; };
		C06BBE4E1F82680D006818CC /* AppDelegate.swift */ = {isa = PBXFileReference; lastKnownFileType = sourcecode.swift; path = AppDelegate.swift; sourceTree = "<group>"; };
		C06BBE501F82680D006818CC /* ViewController.swift */ = {isa = PBXFileReference; lastKnownFileType = sourcecode.swift; path = ViewController.swift; sourceTree = "<group>"; };
		C06BBE531F82680D006818CC /* Base */ = {isa = PBXFileReference; lastKnownFileType = file.storyboard; name = Base; path = Base.lproj/Main.storyboard; sourceTree = "<group>"; };
		C06BBE551F82680D006818CC /* Assets.xcassets */ = {isa = PBXFileReference; lastKnownFileType = folder.assetcatalog; path = Assets.xcassets; sourceTree = "<group>"; };
		C06BBE581F82680D006818CC /* Base */ = {isa = PBXFileReference; lastKnownFileType = file.storyboard; name = Base; path = Base.lproj/LaunchScreen.storyboard; sourceTree = "<group>"; };
		C06BBE5A1F82680D006818CC /* Info.plist */ = {isa = PBXFileReference; lastKnownFileType = text.plist.xml; path = Info.plist; sourceTree = "<group>"; };
		C06BBE601F82681B006818CC /* GoogleService-Info.plist */ = {isa = PBXFileReference; fileEncoding = 4; lastKnownFileType = text.plist.xml; name = "GoogleService-Info.plist"; path = "../../../../Downloads/GoogleService-Info.plist"; sourceTree = "<group>"; };
		C06BBE641F8269E9006818CC /* GeoFire.h */ = {isa = PBXFileReference; fileEncoding = 4; lastKnownFileType = sourcecode.c.h; path = GeoFire.h; sourceTree = "<group>"; };
		C06BBE651F8269E9006818CC /* GFCircleQuery.h */ = {isa = PBXFileReference; fileEncoding = 4; lastKnownFileType = sourcecode.c.h; path = GFCircleQuery.h; sourceTree = "<group>"; };
		C06BBE661F8269E9006818CC /* GFQuery.h */ = {isa = PBXFileReference; fileEncoding = 4; lastKnownFileType = sourcecode.c.h; path = GFQuery.h; sourceTree = "<group>"; };
		C06BBE671F8269E9006818CC /* GFRegionQuery.h */ = {isa = PBXFileReference; fileEncoding = 4; lastKnownFileType = sourcecode.c.h; path = GFRegionQuery.h; sourceTree = "<group>"; };
		C06BBE681F8269E9006818CC /* GeoFire-Prefix.pch */ = {isa = PBXFileReference; fileEncoding = 4; lastKnownFileType = sourcecode.c.h; path = "GeoFire-Prefix.pch"; sourceTree = "<group>"; };
		C06BBE6A1F8269E9006818CC /* GeoFire+Private.h */ = {isa = PBXFileReference; fileEncoding = 4; lastKnownFileType = sourcecode.c.h; path = "GeoFire+Private.h"; sourceTree = "<group>"; };
		C06BBE6B1F8269E9006818CC /* GeoFire.m */ = {isa = PBXFileReference; fileEncoding = 4; lastKnownFileType = sourcecode.c.objc; path = GeoFire.m; sourceTree = "<group>"; };
		C06BBE6C1F8269E9006818CC /* GFBase32Utils.h */ = {isa = PBXFileReference; fileEncoding = 4; lastKnownFileType = sourcecode.c.h; path = GFBase32Utils.h; sourceTree = "<group>"; };
		C06BBE6D1F8269E9006818CC /* GFBase32Utils.m */ = {isa = PBXFileReference; fileEncoding = 4; lastKnownFileType = sourcecode.c.objc; path = GFBase32Utils.m; sourceTree = "<group>"; };
		C06BBE6E1F8269E9006818CC /* GFGeoHash.h */ = {isa = PBXFileReference; fileEncoding = 4; lastKnownFileType = sourcecode.c.h; path = GFGeoHash.h; sourceTree = "<group>"; };
		C06BBE6F1F8269E9006818CC /* GFGeoHash.m */ = {isa = PBXFileReference; fileEncoding = 4; lastKnownFileType = sourcecode.c.objc; path = GFGeoHash.m; sourceTree = "<group>"; };
		C06BBE701F8269E9006818CC /* GFGeoHashQuery.h */ = {isa = PBXFileReference; fileEncoding = 4; lastKnownFileType = sourcecode.c.h; path = GFGeoHashQuery.h; sourceTree = "<group>"; };
		C06BBE711F8269E9006818CC /* GFGeoHashQuery.m */ = {isa = PBXFileReference; fileEncoding = 4; lastKnownFileType = sourcecode.c.objc; path = GFGeoHashQuery.m; sourceTree = "<group>"; };
		C06BBE721F8269E9006818CC /* GFQuery+Private.h */ = {isa = PBXFileReference; fileEncoding = 4; lastKnownFileType = sourcecode.c.h; path = "GFQuery+Private.h"; sourceTree = "<group>"; };
		C06BBE731F8269E9006818CC /* GFQuery.m */ = {isa = PBXFileReference; fileEncoding = 4; lastKnownFileType = sourcecode.c.objc; path = GFQuery.m; sourceTree = "<group>"; };
		C06BBE7C1F826B4E006818CC /* PokeFinder-Bridging-Header.h */ = {isa = PBXFileReference; lastKnownFileType = sourcecode.c.h; path = "PokeFinder-Bridging-Header.h"; sourceTree = "<group>"; };
		C06BBE801F827C77006818CC /* PokeAnnotation.swift */ = {isa = PBXFileReference; lastKnownFileType = sourcecode.swift; path = PokeAnnotation.swift; sourceTree = "<group>"; };
		C0EEC9091F828E2700D5A084 /* AddNewPokemonVC.swift */ = {isa = PBXFileReference; lastKnownFileType = sourcecode.swift; path = AddNewPokemonVC.swift; sourceTree = "<group>"; };
		C0EEC90B1F82903100D5A084 /* PokeCell.swift */ = {isa = PBXFileReference; lastKnownFileType = sourcecode.swift; path = PokeCell.swift; sourceTree = "<group>"; };
		CEFD6133287244569F48BD75 /* Pods-PokeFinder.release.xcconfig */ = {isa = PBXFileReference; includeInIndex = 1; lastKnownFileType = text.xcconfig; name = "Pods-PokeFinder.release.xcconfig"; path = "Pods/Target Support Files/Pods-PokeFinder/Pods-PokeFinder.release.xcconfig"; sourceTree = "<group>"; };
/* End PBXFileReference section */

/* Begin PBXFrameworksBuildPhase section */
		C06BBE481F82680D006818CC /* Frameworks */ = {
			isa = PBXFrameworksBuildPhase;
			buildActionMask = 2147483647;
			files = (
				36EDCB3CC662E1FFBFBCE7AA /* Pods_PokeFinder.framework in Frameworks */,
			);
			runOnlyForDeploymentPostprocessing = 0;
		};
/* End PBXFrameworksBuildPhase section */

/* Begin PBXGroup section */
		C06BBE421F82680D006818CC = {
			isa = PBXGroup;
			children = (
				C06BBE4D1F82680D006818CC /* PokeFinder */,
				C06BBE4C1F82680D006818CC /* Products */,
				C9795E9197F10F64407B9954 /* Pods */,
				DC99CF7A5A5EC715050D8F3F /* Frameworks */,
			);
			sourceTree = "<group>";
		};
		C06BBE4C1F82680D006818CC /* Products */ = {
			isa = PBXGroup;
			children = (
				C06BBE4B1F82680D006818CC /* PokeFinder.app */,
			);
			name = Products;
			sourceTree = "<group>";
		};
		C06BBE4D1F82680D006818CC /* PokeFinder */ = {
			isa = PBXGroup;
			children = (
				C06BBE7F1F827C45006818CC /* View */,
				C06BBE7E1F827C40006818CC /* Model */,
				C06BBE7D1F827C3A006818CC /* Controller */,
				C06BBE621F8269E9006818CC /* GeoFire */,
				C06BBE4E1F82680D006818CC /* AppDelegate.swift */,
				C06BBE7C1F826B4E006818CC /* PokeFinder-Bridging-Header.h */,
				C06BBE5A1F82680D006818CC /* Info.plist */,
				C06BBE601F82681B006818CC /* GoogleService-Info.plist */,
				C06BBE551F82680D006818CC /* Assets.xcassets */,
				C06BBE521F82680D006818CC /* Main.storyboard */,
				C06BBE571F82680D006818CC /* LaunchScreen.storyboard */,
			);
			path = PokeFinder;
			sourceTree = "<group>";
		};
		C06BBE621F8269E9006818CC /* GeoFire */ = {
			isa = PBXGroup;
			children = (
				C06BBE631F8269E9006818CC /* API */,
				C06BBE681F8269E9006818CC /* GeoFire-Prefix.pch */,
				C06BBE691F8269E9006818CC /* Implementation */,
			);
			name = GeoFire;
			path = "../../../../Desktop/geofire-objc/GeoFire";
			sourceTree = "<group>";
		};
		C06BBE631F8269E9006818CC /* API */ = {
			isa = PBXGroup;
			children = (
				C06BBE641F8269E9006818CC /* GeoFire.h */,
				C06BBE651F8269E9006818CC /* GFCircleQuery.h */,
				C06BBE661F8269E9006818CC /* GFQuery.h */,
				C06BBE671F8269E9006818CC /* GFRegionQuery.h */,
			);
			path = API;
			sourceTree = "<group>";
		};
		C06BBE691F8269E9006818CC /* Implementation */ = {
			isa = PBXGroup;
			children = (
				C06BBE6A1F8269E9006818CC /* GeoFire+Private.h */,
				C06BBE6B1F8269E9006818CC /* GeoFire.m */,
				C06BBE6C1F8269E9006818CC /* GFBase32Utils.h */,
				C06BBE6D1F8269E9006818CC /* GFBase32Utils.m */,
				C06BBE6E1F8269E9006818CC /* GFGeoHash.h */,
				C06BBE6F1F8269E9006818CC /* GFGeoHash.m */,
				C06BBE701F8269E9006818CC /* GFGeoHashQuery.h */,
				C06BBE711F8269E9006818CC /* GFGeoHashQuery.m */,
				C06BBE721F8269E9006818CC /* GFQuery+Private.h */,
				C06BBE731F8269E9006818CC /* GFQuery.m */,
			);
			path = Implementation;
			sourceTree = "<group>";
		};
		C06BBE7D1F827C3A006818CC /* Controller */ = {
			isa = PBXGroup;
			children = (
				C06BBE501F82680D006818CC /* ViewController.swift */,
				C0EEC9091F828E2700D5A084 /* AddNewPokemonVC.swift */,
			);
			path = Controller;
			sourceTree = "<group>";
		};
		C06BBE7E1F827C40006818CC /* Model */ = {
			isa = PBXGroup;
			children = (
				C06BBE801F827C77006818CC /* PokeAnnotation.swift */,
			);
			path = Model;
			sourceTree = "<group>";
		};
		C06BBE7F1F827C45006818CC /* View */ = {
			isa = PBXGroup;
			children = (
				C0EEC90B1F82903100D5A084 /* PokeCell.swift */,
			);
			path = View;
			sourceTree = "<group>";
		};
		C9795E9197F10F64407B9954 /* Pods */ = {
			isa = PBXGroup;
			children = (
				0F1E13D89C1DD60E74677A34 /* Pods-PokeFinder.debug.xcconfig */,
				CEFD6133287244569F48BD75 /* Pods-PokeFinder.release.xcconfig */,
			);
			name = Pods;
			sourceTree = "<group>";
		};
		DC99CF7A5A5EC715050D8F3F /* Frameworks */ = {
			isa = PBXGroup;
			children = (
				A0A0B378821AEC1FF6802F72 /* Pods_PokeFinder.framework */,
			);
			name = Frameworks;
			sourceTree = "<group>";
		};
/* End PBXGroup section */

/* Begin PBXNativeTarget section */
		C06BBE4A1F82680D006818CC /* PokeFinder */ = {
			isa = PBXNativeTarget;
			buildConfigurationList = C06BBE5D1F82680D006818CC /* Build configuration list for PBXNativeTarget "PokeFinder" */;
			buildPhases = (
				C198CBEE15A19A12DE2AE8F0 /* [CP] Check Pods Manifest.lock */,
				C06BBE471F82680D006818CC /* Sources */,
				C06BBE481F82680D006818CC /* Frameworks */,
				C06BBE491F82680D006818CC /* Resources */,
				7B99881B72B0453DAF52790B /* [CP] Embed Pods Frameworks */,
				D07ABD7AC141431ADD139680 /* [CP] Copy Pods Resources */,
			);
			buildRules = (
			);
			dependencies = (
			);
			name = PokeFinder;
			productName = PokeFinder;
			productReference = C06BBE4B1F82680D006818CC /* PokeFinder.app */;
			productType = "com.apple.product-type.application";
		};
/* End PBXNativeTarget section */

/* Begin PBXProject section */
		C06BBE431F82680D006818CC /* Project object */ = {
			isa = PBXProject;
			attributes = {
				LastSwiftUpdateCheck = 0900;
				LastUpgradeCheck = 0900;
				ORGANIZATIONNAME = "Gabriel T";
				TargetAttributes = {
					C06BBE4A1F82680D006818CC = {
						CreatedOnToolsVersion = 9.0;
					};
				};
			};
			buildConfigurationList = C06BBE461F82680D006818CC /* Build configuration list for PBXProject "PokeFinder" */;
			compatibilityVersion = "Xcode 8.0";
			developmentRegion = en;
			hasScannedForEncodings = 0;
			knownRegions = (
				en,
				Base,
			);
			mainGroup = C06BBE421F82680D006818CC;
			productRefGroup = C06BBE4C1F82680D006818CC /* Products */;
			projectDirPath = "";
			projectRoot = "";
			targets = (
				C06BBE4A1F82680D006818CC /* PokeFinder */,
			);
		};
/* End PBXProject section */

/* Begin PBXResourcesBuildPhase section */
		C06BBE491F82680D006818CC /* Resources */ = {
			isa = PBXResourcesBuildPhase;
			buildActionMask = 2147483647;
			files = (
				C06BBE591F82680D006818CC /* LaunchScreen.storyboard in Resources */,
				C06BBE611F82681B006818CC /* GoogleService-Info.plist in Resources */,
				C06BBE561F82680D006818CC /* Assets.xcassets in Resources */,
				C06BBE541F82680D006818CC /* Main.storyboard in Resources */,
			);
			runOnlyForDeploymentPostprocessing = 0;
		};
/* End PBXResourcesBuildPhase section */

/* Begin PBXShellScriptBuildPhase section */
		7B99881B72B0453DAF52790B /* [CP] Embed Pods Frameworks */ = {
			isa = PBXShellScriptBuildPhase;
			buildActionMask = 2147483647;
			files = (
			);
			inputPaths = (
				"${SRCROOT}/Pods/Target Support Files/Pods-PokeFinder/Pods-PokeFinder-frameworks.sh",
				"${BUILT_PRODUCTS_DIR}/GoogleToolboxForMac/GoogleToolboxForMac.framework",
				"${BUILT_PRODUCTS_DIR}/leveldb-library/leveldb.framework",
				"${BUILT_PRODUCTS_DIR}/nanopb/nanopb.framework",
			);
			name = "[CP] Embed Pods Frameworks";
			outputPaths = (
				"${TARGET_BUILD_DIR}/${FRAMEWORKS_FOLDER_PATH}/GoogleToolboxForMac.framework",
				"${TARGET_BUILD_DIR}/${FRAMEWORKS_FOLDER_PATH}/leveldb.framework",
				"${TARGET_BUILD_DIR}/${FRAMEWORKS_FOLDER_PATH}/nanopb.framework",
			);
			runOnlyForDeploymentPostprocessing = 0;
			shellPath = /bin/sh;
			shellScript = "\"${SRCROOT}/Pods/Target Support Files/Pods-PokeFinder/Pods-PokeFinder-frameworks.sh\"\n";
			showEnvVarsInLog = 0;
		};
		C198CBEE15A19A12DE2AE8F0 /* [CP] Check Pods Manifest.lock */ = {
			isa = PBXShellScriptBuildPhase;
			buildActionMask = 2147483647;
			files = (
			);
			inputPaths = (
				"${PODS_PODFILE_DIR_PATH}/Podfile.lock",
				"${PODS_ROOT}/Manifest.lock",
			);
			name = "[CP] Check Pods Manifest.lock";
			outputPaths = (
				"$(DERIVED_FILE_DIR)/Pods-PokeFinder-checkManifestLockResult.txt",
			);
			runOnlyForDeploymentPostprocessing = 0;
			shellPath = /bin/sh;
			shellScript = "diff \"${PODS_PODFILE_DIR_PATH}/Podfile.lock\" \"${PODS_ROOT}/Manifest.lock\" > /dev/null\nif [ $? != 0 ] ; then\n    # print error to STDERR\n    echo \"error: The sandbox is not in sync with the Podfile.lock. Run 'pod install' or update your CocoaPods installation.\" >&2\n    exit 1\nfi\n# This output is used by Xcode 'outputs' to avoid re-running this script phase.\necho \"SUCCESS\" > \"${SCRIPT_OUTPUT_FILE_0}\"\n";
			showEnvVarsInLog = 0;
		};
		D07ABD7AC141431ADD139680 /* [CP] Copy Pods Resources */ = {
			isa = PBXShellScriptBuildPhase;
			buildActionMask = 2147483647;
			files = (
			);
			inputPaths = (
			);
			name = "[CP] Copy Pods Resources";
			outputPaths = (
			);
			runOnlyForDeploymentPostprocessing = 0;
			shellPath = /bin/sh;
			shellScript = "\"${SRCROOT}/Pods/Target Support Files/Pods-PokeFinder/Pods-PokeFinder-resources.sh\"\n";
			showEnvVarsInLog = 0;
		};
/* End PBXShellScriptBuildPhase section */

/* Begin PBXSourcesBuildPhase section */
		C06BBE471F82680D006818CC /* Sources */ = {
			isa = PBXSourcesBuildPhase;
			buildActionMask = 2147483647;
			files = (
				C06BBE751F8269E9006818CC /* GFBase32Utils.m in Sources */,
				C06BBE811F827C77006818CC /* PokeAnnotation.swift in Sources */,
				C06BBE511F82680D006818CC /* ViewController.swift in Sources */,
				C06BBE761F8269E9006818CC /* GFGeoHash.m in Sources */,
				C0EEC90C1F82903100D5A084 /* PokeCell.swift in Sources */,
				C06BBE4F1F82680D006818CC /* AppDelegate.swift in Sources */,
				C06BBE741F8269E9006818CC /* GeoFire.m in Sources */,
				C06BBE771F8269E9006818CC /* GFGeoHashQuery.m in Sources */,
				C0EEC90A1F828E2700D5A084 /* AddNewPokemonVC.swift in Sources */,
				C06BBE781F8269E9006818CC /* GFQuery.m in Sources */,
			);
			runOnlyForDeploymentPostprocessing = 0;
		};
/* End PBXSourcesBuildPhase section */

/* Begin PBXVariantGroup section */
		C06BBE521F82680D006818CC /* Main.storyboard */ = {
			isa = PBXVariantGroup;
			children = (
				C06BBE531F82680D006818CC /* Base */,
			);
			name = Main.storyboard;
			sourceTree = "<group>";
		};
		C06BBE571F82680D006818CC /* LaunchScreen.storyboard */ = {
			isa = PBXVariantGroup;
			children = (
				C06BBE581F82680D006818CC /* Base */,
			);
			name = LaunchScreen.storyboard;
			sourceTree = "<group>";
		};
/* End PBXVariantGroup section */

/* Begin XCBuildConfiguration section */
		C06BBE5B1F82680D006818CC /* Debug */ = {
			isa = XCBuildConfiguration;
			buildSettings = {
				ALWAYS_SEARCH_USER_PATHS = NO;
				CLANG_ANALYZER_NONNULL = YES;
				CLANG_ANALYZER_NUMBER_OBJECT_CONVERSION = YES_AGGRESSIVE;
				CLANG_CXX_LANGUAGE_STANDARD = "gnu++14";
				CLANG_CXX_LIBRARY = "libc++";
				CLANG_ENABLE_MODULES = YES;
				CLANG_ENABLE_OBJC_ARC = YES;
				CLANG_WARN_BLOCK_CAPTURE_AUTORELEASING = YES;
				CLANG_WARN_BOOL_CONVERSION = YES;
				CLANG_WARN_COMMA = YES;
				CLANG_WARN_CONSTANT_CONVERSION = YES;
				CLANG_WARN_DIRECT_OBJC_ISA_USAGE = YES_ERROR;
				CLANG_WARN_DOCUMENTATION_COMMENTS = YES;
				CLANG_WARN_EMPTY_BODY = YES;
				CLANG_WARN_ENUM_CONVERSION = YES;
				CLANG_WARN_INFINITE_RECURSION = YES;
				CLANG_WARN_INT_CONVERSION = YES;
				CLANG_WARN_NON_LITERAL_NULL_CONVERSION = YES;
				CLANG_WARN_OBJC_LITERAL_CONVERSION = YES;
				CLANG_WARN_OBJC_ROOT_CLASS = YES_ERROR;
				CLANG_WARN_RANGE_LOOP_ANALYSIS = YES;
				CLANG_WARN_STRICT_PROTOTYPES = YES;
				CLANG_WARN_SUSPICIOUS_MOVE = YES;
				CLANG_WARN_UNGUARDED_AVAILABILITY = YES_AGGRESSIVE;
				CLANG_WARN_UNREACHABLE_CODE = YES;
				CLANG_WARN__DUPLICATE_METHOD_MATCH = YES;
				CODE_SIGN_IDENTITY = "iPhone Developer";
				COPY_PHASE_STRIP = NO;
				DEBUG_INFORMATION_FORMAT = dwarf;
				ENABLE_STRICT_OBJC_MSGSEND = YES;
				ENABLE_TESTABILITY = YES;
				GCC_C_LANGUAGE_STANDARD = gnu11;
				GCC_DYNAMIC_NO_PIC = NO;
				GCC_NO_COMMON_BLOCKS = YES;
				GCC_OPTIMIZATION_LEVEL = 0;
				GCC_PREPROCESSOR_DEFINITIONS = (
					"DEBUG=1",
					"$(inherited)",
				);
				GCC_WARN_64_TO_32_BIT_CONVERSION = YES;
				GCC_WARN_ABOUT_RETURN_TYPE = YES_ERROR;
				GCC_WARN_UNDECLARED_SELECTOR = YES;
				GCC_WARN_UNINITIALIZED_AUTOS = YES_AGGRESSIVE;
				GCC_WARN_UNUSED_FUNCTION = YES;
				GCC_WARN_UNUSED_VARIABLE = YES;
				IPHONEOS_DEPLOYMENT_TARGET = 11.0;
				MTL_ENABLE_DEBUG_INFO = YES;
				ONLY_ACTIVE_ARCH = YES;
				SDKROOT = iphoneos;
				SWIFT_ACTIVE_COMPILATION_CONDITIONS = DEBUG;
				SWIFT_OPTIMIZATION_LEVEL = "-Onone";
			};
			name = Debug;
		};
		C06BBE5C1F82680D006818CC /* Release */ = {
			isa = XCBuildConfiguration;
			buildSettings = {
				ALWAYS_SEARCH_USER_PATHS = NO;
				CLANG_ANALYZER_NONNULL = YES;
				CLANG_ANALYZER_NUMBER_OBJECT_CONVERSION = YES_AGGRESSIVE;
				CLANG_CXX_LANGUAGE_STANDARD = "gnu++14";
				CLANG_CXX_LIBRARY = "libc++";
				CLANG_ENABLE_MODULES = YES;
				CLANG_ENABLE_OBJC_ARC = YES;
				CLANG_WARN_BLOCK_CAPTURE_AUTORELEASING = YES;
				CLANG_WARN_BOOL_CONVERSION = YES;
				CLANG_WARN_COMMA = YES;
				CLANG_WARN_CONSTANT_CONVERSION = YES;
				CLANG_WARN_DIRECT_OBJC_ISA_USAGE = YES_ERROR;
				CLANG_WARN_DOCUMENTATION_COMMENTS = YES;
				CLANG_WARN_EMPTY_BODY = YES;
				CLANG_WARN_ENUM_CONVERSION = YES;
				CLANG_WARN_INFINITE_RECURSION = YES;
				CLANG_WARN_INT_CONVERSION = YES;
				CLANG_WARN_NON_LITERAL_NULL_CONVERSION = YES;
				CLANG_WARN_OBJC_LITERAL_CONVERSION = YES;
				CLANG_WARN_OBJC_ROOT_CLASS = YES_ERROR;
				CLANG_WARN_RANGE_LOOP_ANALYSIS = YES;
				CLANG_WARN_STRICT_PROTOTYPES = YES;
				CLANG_WARN_SUSPICIOUS_MOVE = YES;
				CLANG_WARN_UNGUARDED_AVAILABILITY = YES_AGGRESSIVE;
				CLANG_WARN_UNREACHABLE_CODE = YES;
				CLANG_WARN__DUPLICATE_METHOD_MATCH = YES;
				CODE_SIGN_IDENTITY = "iPhone Developer";
				COPY_PHASE_STRIP = NO;
				DEBUG_INFORMATION_FORMAT = "dwarf-with-dsym";
				ENABLE_NS_ASSERTIONS = NO;
				ENABLE_STRICT_OBJC_MSGSEND = YES;
				GCC_C_LANGUAGE_STANDARD = gnu11;
				GCC_NO_COMMON_BLOCKS = YES;
				GCC_WARN_64_TO_32_BIT_CONVERSION = YES;
				GCC_WARN_ABOUT_RETURN_TYPE = YES_ERROR;
				GCC_WARN_UNDECLARED_SELECTOR = YES;
				GCC_WARN_UNINITIALIZED_AUTOS = YES_AGGRESSIVE;
				GCC_WARN_UNUSED_FUNCTION = YES;
				GCC_WARN_UNUSED_VARIABLE = YES;
				IPHONEOS_DEPLOYMENT_TARGET = 11.0;
				MTL_ENABLE_DEBUG_INFO = NO;
				SDKROOT = iphoneos;
				SWIFT_OPTIMIZATION_LEVEL = "-Owholemodule";
				VALIDATE_PRODUCT = YES;
			};
			name = Release;
		};
		C06BBE5E1F82680D006818CC /* Debug */ = {
			isa = XCBuildConfiguration;
			baseConfigurationReference = 0F1E13D89C1DD60E74677A34 /* Pods-PokeFinder.debug.xcconfig */;
			buildSettings = {
				ASSETCATALOG_COMPILER_APPICON_NAME = AppIcon;
				DEVELOPMENT_TEAM = 9PK4D77ZHK;
				INFOPLIST_FILE = PokeFinder/Info.plist;
				IPHONEOS_DEPLOYMENT_TARGET = 9.3;
				LD_RUNPATH_SEARCH_PATHS = "$(inherited) @executable_path/Frameworks";
				PRODUCT_BUNDLE_IDENTIFIER = com.essentialtech.pokesearch;
				PRODUCT_NAME = "$(TARGET_NAME)";
				SWIFT_OBJC_BRIDGING_HEADER = "PokeFinder/PokeFinder-Bridging-Header.h";
				SWIFT_VERSION = 3.0;
				TARGETED_DEVICE_FAMILY = "1,2";
			};
			name = Debug;
		};
		C06BBE5F1F82680D006818CC /* Release */ = {
			isa = XCBuildConfiguration;
			baseConfigurationReference = CEFD6133287244569F48BD75 /* Pods-PokeFinder.release.xcconfig */;
			buildSettings = {
				ASSETCATALOG_COMPILER_APPICON_NAME = AppIcon;
				DEVELOPMENT_TEAM = 9PK4D77ZHK;
				INFOPLIST_FILE = PokeFinder/Info.plist;
				IPHONEOS_DEPLOYMENT_TARGET = 9.3;
				LD_RUNPATH_SEARCH_PATHS = "$(inherited) @executable_path/Frameworks";
				PRODUCT_BUNDLE_IDENTIFIER = com.essentialtech.pokesearch;
				PRODUCT_NAME = "$(TARGET_NAME)";
				SWIFT_OBJC_BRIDGING_HEADER = "PokeFinder/PokeFinder-Bridging-Header.h";
				SWIFT_VERSION = 3.0;
				TARGETED_DEVICE_FAMILY = "1,2";
			};
			name = Release;
		};
/* End XCBuildConfiguration section */

/* Begin XCConfigurationList section */
		C06BBE461F82680D006818CC /* Build configuration list for PBXProject "PokeFinder" */ = {
			isa = XCConfigurationList;
			buildConfigurations = (
				C06BBE5B1F82680D006818CC /* Debug */,
				C06BBE5C1F82680D006818CC /* Release */,
			);
			defaultConfigurationIsVisible = 0;
			defaultConfigurationName = Release;
		};
		C06BBE5D1F82680D006818CC /* Build configuration list for PBXNativeTarget "PokeFinder" */ = {
			isa = XCConfigurationList;
			buildConfigurations = (
				C06BBE5E1F82680D006818CC /* Debug */,
				C06BBE5F1F82680D006818CC /* Release */,
			);
			defaultConfigurationIsVisible = 0;
			defaultConfigurationName = Release;
		};
/* End XCConfigurationList section */
	};
	rootObject = C06BBE431F82680D006818CC /* Project object */;
}
